<?xml version="1.0" encoding="utf-8"?>
<Project ToolsVersion="4.0" xmlns="http://schemas.microsoft.com/developer/msbuild/2003">
  <ItemGroup>
    <Filter Include="Source Files">
      <UniqueIdentifier>{4FC737F1-C7A5-4376-A066-2A32D752A2FF}</UniqueIdentifier>
      <Extensions>cpp;c;cc;cxx;def;odl;idl;hpj;bat;asm;asmx</Extensions>
    </Filter>
    <Filter Include="Header Files">
      <UniqueIdentifier>{93995380-89BD-4b04-88EB-625FBE52EBFB}</UniqueIdentifier>
      <Extensions>h;hh;hpp;hxx;hm;inl;inc;xsd</Extensions>
    </Filter>
    <Filter Include="Resource Files">
      <UniqueIdentifier>{67DA6AB6-F800-4c08-8B7A-83BB121AAD01}</UniqueIdentifier>
      <Extensions>rc;ico;cur;bmp;dlg;rc2;rct;bin;rgs;gif;jpg;jpeg;jpe;resx;tiff;tif;png;wav;mfcribbon-ms</Extensions>
    </Filter>
  </ItemGroup>
  <ItemGroup>
    <ClCompile Include="..\main.cpp">
      <Filter>Source Files</Filter>
    </ClCompile>
    <ClCompile Include="src\controlador.cpp">
      <Filter>Source Files</Filter>
    </ClCompile>
    <ClCompile Include="src\bomba.cpp">
      <Filter>Source Files</Filter>
    </ClCompile>
    <ClCompile Include="src\objeto.cpp">
      <Filter>Source Files</Filter>
    </ClCompile>
    <ClCompile Include="src\bomberman.cpp">
      <Filter>Source Files</Filter>
    </ClCompile>
    <ClCompile Include="src\enemigo.cpp">
      <Filter>Source Files</Filter>
    </ClCompile>
    <ClCompile Include="src\bonificador.cpp">
      <Filter>Source Files</Filter>
    </ClCompile>
    <ClCompile Include="src\estructura.cpp">
      <Filter>Source Files</Filter>
    </ClCompile>
    <ClCompile Include="src\global.cpp">
      <Filter>Source Files</Filter>
    </ClCompile>
    <ClCompile Include="src\personaje.cpp">
      <Filter>Source Files</Filter>
    </ClCompile>
    <ClCompile Include="src\ControladorTexturas.cpp">
      <Filter>Source Files</Filter>
    </ClCompile>
    <ClCompile Include="src\ControladorObjetos.cpp">
      <Filter>Source Files</Filter>
    </ClCompile>
    <ClCompile Include="src\fuego.cpp">
      <Filter>Source Files</Filter>
    </ClCompile>
    <ClCompile Include="src\ControladorCamara.cpp">
      <Filter>Source Files</Filter>
    </ClCompile>
    <ClCompile Include="src\ControladorInterfaz.cpp">
      <Filter>Source Files</Filter>
    </ClCompile>
    <ClCompile Include="src\ControladorAudio.cpp">
      <Filter>Source Files</Filter>
    </ClCompile>
    <ClCompile Include="src\cargadorAudio.cpp">
      <Filter>Source Files</Filter>
    </ClCompile>
    <ClCompile Include="src\bufferAudio.cpp">
      <Filter>Source Files</Filter>
    </ClCompile>
    <ClCompile Include="src\recursoAudio.cpp">
      <Filter>Source Files</Filter>
    </ClCompile>
    <ClCompile Include="src\particula.cpp">
      <Filter>Source Files</Filter>
    </ClCompile>
    <ClCompile Include="src\ControladorLuz.cpp">
      <Filter>Source Files</Filter>
    </ClCompile>
    <ClCompile Include="src\door.cpp">
      <Filter>Source Files</Filter>
    </ClCompile>
    <ClCompile Include="src\ControladorPoderes.cpp">
      <Filter>Source Files</Filter>
    </ClCompile>
    <ClCompile Include="src\particula_estructura.cpp">
      <Filter>Source Files</Filter>
    </ClCompile>
    <ClCompile Include="src\particula_fuego.cpp">
      <Filter>Source Files</Filter>
    </ClCompile>
    <ClCompile Include="src\particula_bonificador.cpp">
      <Filter>Source Files</Filter>
    </ClCompile>
  </ItemGroup>
  <ItemGroup>
    <ClInclude Include="lib\controlador.h">
      <Filter>Header Files</Filter>
    </ClInclude>
    <ClInclude Include="lib\bomba.h">
      <Filter>Header Files</Filter>
    </ClInclude>
    <ClInclude Include="lib\objeto.h">
      <Filter>Header Files</Filter>
    </ClInclude>
    <ClInclude Include="lib\bomberman.h">
      <Filter>Header Files</Filter>
    </ClInclude>
    <ClInclude Include="lib\enemigo.h">
      <Filter>Header Files</Filter>
    </ClInclude>
    <ClInclude Include="lib\bonificador.h">
      <Filter>Header Files</Filter>
    </ClInclude>
    <ClInclude Include="lib\estructura.h">
      <Filter>Header Files</Filter>
    </ClInclude>
    <ClInclude Include="lib\global.h">
      <Filter>Header Files</Filter>
    </ClInclude>
    <ClInclude Include="lib\personaje.h">
      <Filter>Header Files</Filter>
    </ClInclude>
    <ClInclude Include="lib\ControladorTexturas.h">
      <Filter>Header Files</Filter>
    </ClInclude>
    <ClInclude Include="constantes\constantes.h">
      <Filter>Header Files</Filter>
    </ClInclude>
    <ClInclude Include="lib\ControladorObjetos.h">
      <Filter>Header Files</Filter>
    </ClInclude>
    <ClInclude Include="lib\fuego.h">
      <Filter>Header Files</Filter>
    </ClInclude>
    <ClInclude Include="lib\ControladorCamara.h">
      <Filter>Header Files</Filter>
    </ClInclude>
    <ClInclude Include="lib\ControladorInterfaz.h">
      <Filter>Header Files</Filter>
    </ClInclude>
    <ClInclude Include="lib\hud.h">
      <Filter>Header Files</Filter>
    </ClInclude>
    <ClInclude Include="lib\particula.h">
      <Filter>Header Files</Filter>
    </ClInclude>
    <ClInclude Include="lib\ControladorLuz.h">
      <Filter>Header Files</Filter>
    </ClInclude>
    <ClInclude Include="lib\ControladorAudio.h">
      <Filter>Header Files</Filter>
    </ClInclude>
    <ClInclude Include="lib\cargadorAudio.h">
      <Filter>Header Files</Filter>
    </ClInclude>
    <ClInclude Include="lib\bufferAudio.h">
      <Filter>Header Files</Filter>
    </ClInclude>
    <ClInclude Include="lib\recursoAudio.h">
      <Filter>Header Files</Filter>
    </ClInclude>
    <ClInclude Include="lib\door.h">
      <Filter>Header Files</Filter>
    </ClInclude>
    <ClInclude Include="lib\ControladorPoderes.h">
      <Filter>Header Files</Filter>
    </ClInclude>
    <ClInclude Include="lib\particula_estructura.h">
      <Filter>Header Files</Filter>
    </ClInclude>
    <ClInclude Include="lib\particula_fuego.h">
      <Filter>Header Files</Filter>
    </ClInclude>
    <ClInclude Include="lib\particula_bonificador.h">
      <Filter>Header Files</Filter>
    </ClInclude>
  </ItemGroup>
  <ItemGroup>
    <Font Include="texturas\OpenSans-Regular.ttf" />
  </ItemGroup>
  <ItemGroup>
    <Image Include="texturas\aumentar_alcance_bombas.png">
      <Filter>Resource Files</Filter>
    </Image>
    <Image Include="texturas\aumentar_cantidad_bombas.png">
      <Filter>Resource Files</Filter>
    </Image>
    <Image Include="texturas\aumentar_velocidad.png">
      <Filter>Resource Files</Filter>
    </Image>
    <Image Include="texturas\bomba.png">
      <Filter>Resource Files</Filter>
    </Image>
    <Image Include="texturas\bombas_atraviesan_estructuras.png">
      <Filter>Resource Files</Filter>
    </Image>
    <Image Include="texturas\chayang.jpeg">
      <Filter>Resource Files</Filter>
    </Image>
    <Image Include="texturas\estructura_destructible.jpg">
      <Filter>Resource Files</Filter>
    </Image>
    <Image Include="texturas\estructura_no_destructible.png">
      <Filter>Resource Files</Filter>
    </Image>
    <Image Include="texturas\inmortalidad.png">
      <Filter>Resource Files</Filter>
    </Image>
    <Image Include="texturas\player.png">
      <Filter>Resource Files</Filter>
    </Image>
    <Image Include="texturas\puerta.png">
      <Filter>Resource Files</Filter>
    </Image>
  </ItemGroup>
</Project>